
Microsoft Visual Studio Solution File, Format Version 12.00
# Blend for Visual Studio Version 16
VisualStudioVersion = 16.0.30128.74
MinimumVisualStudioVersion = 10.0.40219.1
Project("{FAE04EC0-301F-11D3-BF4B-00C04F79EFBC}") = "ITMO.Y2020.Syatc00M.WPF.GasProp", "ITMO.Y2020.Syatc00M.WPF.GasProp.csproj", "{62DF853E-5D4A-42E1-9BE0-185680458756}"
EndProject
Global
	GlobalSection(SolutionConfigurationPlatforms) = preSolution
		Debug|Any CPU = Debug|Any CPU
		Release|Any CPU = Release|Any CPU
	EndGlobalSection
	GlobalSection(ProjectConfigurationPlatforms) = postSolution
		{62DF853E-5D4A-42E1-9BE0-185680458756}.Debug|Any CPU.ActiveCfg = Debug|Any CPU
		{62DF853E-5D4A-42E1-9BE0-185680458756}.Debug|Any CPU.Build.0 = Debug|Any CPU
		{62DF853E-5D4A-42E1-9BE0-185680458756}.Release|Any CPU.ActiveCfg = Release|Any CPU
		{62DF853E-5D4A-42E1-9BE0-185680458756}.Release|Any CPU.Build.0 = Release|Any CPU
	EndGlobalSection
	GlobalSection(SolutionProperties) = preSolution
		HideSolutionNode = FALSE
	EndGlobalSection
	GlobalSection(ExtensibilityGlobals) = postSolution
		SolutionGuid = {4A883270-5850-4817-8FAC-BB7C24F61998}
	EndGlobalSection
EndGlobal
